
Microsoft Visual Studio Solution File, Format Version 12.00
# Visual Studio Version 16
VisualStudioVersion = 16.0.30001.183
MinimumVisualStudioVersion = 10.0.40219.1
Project("{9A19103F-16F7-4668-BE54-9A1E7A4F7556}") = "BackEnd", "BackEnd\BackEnd.csproj", "{EAC5E8CB-BE6A-43A6-BBF9-149CDF58A79A}"
EndProject
Project("{9A19103F-16F7-4668-BE54-9A1E7A4F7556}") = "ConferenceDTO", "ConferenceDTO\ConferenceDTO.csproj", "{ECD1784B-348B-4A5E-9C8D-B47A97FFAC13}"
EndProject
Project("{9A19103F-16F7-4668-BE54-9A1E7A4F7556}") = "FrontEnd", "FrontEnd\FrontEnd.csproj", "{2F469898-986E-4BDD-8CB9-834A82B6739F}"
EndProject
Global
	GlobalSection(SolutionConfigurationPlatforms) = preSolution
		Debug|Any CPU = Debug|Any CPU
		Release|Any CPU = Release|Any CPU
	EndGlobalSection
	GlobalSection(ProjectConfigurationPlatforms) = postSolution
		{EAC5E8CB-BE6A-43A6-BBF9-149CDF58A79A}.Debug|Any CPU.ActiveCfg = Debug|Any CPU
		{EAC5E8CB-BE6A-43A6-BBF9-149CDF58A79A}.Debug|Any CPU.Build.0 = Debug|Any CPU
		{EAC5E8CB-BE6A-43A6-BBF9-149CDF58A79A}.Release|Any CPU.ActiveCfg = Release|Any CPU
		{EAC5E8CB-BE6A-43A6-BBF9-149CDF58A79A}.Release|Any CPU.Build.0 = Release|Any CPU
		{ECD1784B-348B-4A5E-9C8D-B47A97FFAC13}.Debug|Any CPU.ActiveCfg = Debug|Any CPU
		{ECD1784B-348B-4A5E-9C8D-B47A97FFAC13}.Debug|Any CPU.Build.0 = Debug|Any CPU
		{ECD1784B-348B-4A5E-9C8D-B47A97FFAC13}.Release|Any CPU.ActiveCfg = Release|Any CPU
		{ECD1784B-348B-4A5E-9C8D-B47A97FFAC13}.Release|Any CPU.Build.0 = Release|Any CPU
		{2F469898-986E-4BDD-8CB9-834A82B6739F}.Debug|Any CPU.ActiveCfg = Debug|Any CPU
		{2F469898-986E-4BDD-8CB9-834A82B6739F}.Debug|Any CPU.Build.0 = Debug|Any CPU
		{2F469898-986E-4BDD-8CB9-834A82B6739F}.Release|Any CPU.ActiveCfg = Release|Any CPU
		{2F469898-986E-4BDD-8CB9-834A82B6739F}.Release|Any CPU.Build.0 = Release|Any CPU
	EndGlobalSection
	GlobalSection(SolutionProperties) = preSolution
		HideSolutionNode = FALSE
	EndGlobalSection
	GlobalSection(ExtensibilityGlobals) = postSolution
		SolutionGuid = {960E16CD-8B1E-4164-80DF-7F9D11140618}
	EndGlobalSection
EndGlobal
